
Microsoft Visual Studio Solution File, Format Version 12.00
# Visual Studio Version 17
VisualStudioVersion = 17.4.33122.133
MinimumVisualStudioVersion = 10.0.40219.1
Project("{FAE04EC0-301F-11D3-BF4B-00C04F79EFBC}") = "API_Paridades", "API_Paridades\API_Paridades.csproj", "{3E8CD8FC-26D3-48B3-8138-CCA22F13649E}"
EndProject
Global
	GlobalSection(SolutionConfigurationPlatforms) = preSolution
		Debug|Any CPU = Debug|Any CPU
		Release|Any CPU = Release|Any CPU
	EndGlobalSection
	GlobalSection(ProjectConfigurationPlatforms) = postSolution
		{3E8CD8FC-26D3-48B3-8138-CCA22F13649E}.Debug|Any CPU.ActiveCfg = Debug|Any CPU
		{3E8CD8FC-26D3-48B3-8138-CCA22F13649E}.Debug|Any CPU.Build.0 = Debug|Any CPU
		{3E8CD8FC-26D3-48B3-8138-CCA22F13649E}.Release|Any CPU.ActiveCfg = Release|Any CPU
		{3E8CD8FC-26D3-48B3-8138-CCA22F13649E}.Release|Any CPU.Build.0 = Release|Any CPU
	EndGlobalSection
	GlobalSection(SolutionProperties) = preSolution
		HideSolutionNode = FALSE
	EndGlobalSection
	GlobalSection(ExtensibilityGlobals) = postSolution
		SolutionGuid = {0B401C8A-69CF-41D1-8D6A-11F4CE5C863E}
	EndGlobalSection
EndGlobal
