
Microsoft Visual Studio Solution File, Format Version 12.00
# Visual Studio Version 17
VisualStudioVersion = 17.4.33122.133
MinimumVisualStudioVersion = 10.0.40219.1
Project("{FAE04EC0-301F-11D3-BF4B-00C04F79EFBC}") = "Mathematics", "Mathematics\Mathematics.csproj", "{097C1BF3-0DFE-4185-BC28-413FFB7154CB}"
EndProject
Global
	GlobalSection(SolutionConfigurationPlatforms) = preSolution
		Debug|Any CPU = Debug|Any CPU
		Release|Any CPU = Release|Any CPU
	EndGlobalSection
	GlobalSection(ProjectConfigurationPlatforms) = postSolution
		{097C1BF3-0DFE-4185-BC28-413FFB7154CB}.Debug|Any CPU.ActiveCfg = Debug|Any CPU
		{097C1BF3-0DFE-4185-BC28-413FFB7154CB}.Debug|Any CPU.Build.0 = Debug|Any CPU
		{097C1BF3-0DFE-4185-BC28-413FFB7154CB}.Release|Any CPU.ActiveCfg = Release|Any CPU
		{097C1BF3-0DFE-4185-BC28-413FFB7154CB}.Release|Any CPU.Build.0 = Release|Any CPU
	EndGlobalSection
	GlobalSection(SolutionProperties) = preSolution
		HideSolutionNode = FALSE
	EndGlobalSection
	GlobalSection(ExtensibilityGlobals) = postSolution
		SolutionGuid = {E07E48B0-0493-484C-AE89-A715C63217FA}
	EndGlobalSection
EndGlobal
