
Microsoft Visual Studio Solution File, Format Version 12.00
# Visual Studio Version 17
VisualStudioVersion = 17.4.33122.133
MinimumVisualStudioVersion = 10.0.40219.1
Project("{FAE04EC0-301F-11D3-BF4B-00C04F79EFBC}") = "GetExcelData", "GetExcelData\GetExcelData.csproj", "{02173FF1-98B4-4CF5-9172-39F80A5FFC7B}"
EndProject
Global
	GlobalSection(SolutionConfigurationPlatforms) = preSolution
		Debug|Any CPU = Debug|Any CPU
		Release|Any CPU = Release|Any CPU
	EndGlobalSection
	GlobalSection(ProjectConfigurationPlatforms) = postSolution
		{02173FF1-98B4-4CF5-9172-39F80A5FFC7B}.Debug|Any CPU.ActiveCfg = Debug|Any CPU
		{02173FF1-98B4-4CF5-9172-39F80A5FFC7B}.Debug|Any CPU.Build.0 = Debug|Any CPU
		{02173FF1-98B4-4CF5-9172-39F80A5FFC7B}.Release|Any CPU.ActiveCfg = Release|Any CPU
		{02173FF1-98B4-4CF5-9172-39F80A5FFC7B}.Release|Any CPU.Build.0 = Release|Any CPU
	EndGlobalSection
	GlobalSection(SolutionProperties) = preSolution
		HideSolutionNode = FALSE
	EndGlobalSection
	GlobalSection(ExtensibilityGlobals) = postSolution
		SolutionGuid = {5F46FFE5-17F8-44F0-BE1F-6396FAC9813A}
	EndGlobalSection
EndGlobal
