
Microsoft Visual Studio Solution File, Format Version 12.00
# Visual Studio Version 17
VisualStudioVersion = 17.4.33122.133
MinimumVisualStudioVersion = 10.0.40219.1
Project("{FAE04EC0-301F-11D3-BF4B-00C04F79EFBC}") = "SentenciaIfElse", "SentenciaIfElse\SentenciaIfElse.csproj", "{486E0E39-1675-4C9C-8B7A-7796559B7413}"
EndProject
Global
	GlobalSection(SolutionConfigurationPlatforms) = preSolution
		Debug|Any CPU = Debug|Any CPU
		Release|Any CPU = Release|Any CPU
	EndGlobalSection
	GlobalSection(ProjectConfigurationPlatforms) = postSolution
		{486E0E39-1675-4C9C-8B7A-7796559B7413}.Debug|Any CPU.ActiveCfg = Debug|Any CPU
		{486E0E39-1675-4C9C-8B7A-7796559B7413}.Debug|Any CPU.Build.0 = Debug|Any CPU
		{486E0E39-1675-4C9C-8B7A-7796559B7413}.Release|Any CPU.ActiveCfg = Release|Any CPU
		{486E0E39-1675-4C9C-8B7A-7796559B7413}.Release|Any CPU.Build.0 = Release|Any CPU
	EndGlobalSection
	GlobalSection(SolutionProperties) = preSolution
		HideSolutionNode = FALSE
	EndGlobalSection
	GlobalSection(ExtensibilityGlobals) = postSolution
		SolutionGuid = {5366EF59-C321-4AD7-AB44-E46619764439}
	EndGlobalSection
EndGlobal
