
Microsoft Visual Studio Solution File, Format Version 12.00
# Visual Studio Version 17
VisualStudioVersion = 17.4.33122.133
MinimumVisualStudioVersion = 10.0.40219.1
Project("{FAE04EC0-301F-11D3-BF4B-00C04F79EFBC}") = "DataBase", "DataBase\DataBase.csproj", "{D57F9D36-2E18-4A2C-877D-65E2EF8C128A}"
EndProject
Project("{FAE04EC0-301F-11D3-BF4B-00C04F79EFBC}") = "ParidadEntityFramework", "ParidadEntityFramework\ParidadEntityFramework.csproj", "{3AF00151-4000-4C3F-A05B-07EDD7970447}"
EndProject
Global
	GlobalSection(SolutionConfigurationPlatforms) = preSolution
		Debug|Any CPU = Debug|Any CPU
		Release|Any CPU = Release|Any CPU
	EndGlobalSection
	GlobalSection(ProjectConfigurationPlatforms) = postSolution
		{D57F9D36-2E18-4A2C-877D-65E2EF8C128A}.Debug|Any CPU.ActiveCfg = Debug|Any CPU
		{D57F9D36-2E18-4A2C-877D-65E2EF8C128A}.Debug|Any CPU.Build.0 = Debug|Any CPU
		{D57F9D36-2E18-4A2C-877D-65E2EF8C128A}.Release|Any CPU.ActiveCfg = Release|Any CPU
		{D57F9D36-2E18-4A2C-877D-65E2EF8C128A}.Release|Any CPU.Build.0 = Release|Any CPU
		{3AF00151-4000-4C3F-A05B-07EDD7970447}.Debug|Any CPU.ActiveCfg = Debug|Any CPU
		{3AF00151-4000-4C3F-A05B-07EDD7970447}.Debug|Any CPU.Build.0 = Debug|Any CPU
		{3AF00151-4000-4C3F-A05B-07EDD7970447}.Release|Any CPU.ActiveCfg = Release|Any CPU
		{3AF00151-4000-4C3F-A05B-07EDD7970447}.Release|Any CPU.Build.0 = Release|Any CPU
	EndGlobalSection
	GlobalSection(SolutionProperties) = preSolution
		HideSolutionNode = FALSE
	EndGlobalSection
	GlobalSection(ExtensibilityGlobals) = postSolution
		SolutionGuid = {C9C5F613-5526-4EE2-B894-2DE1D1E8EEDF}
	EndGlobalSection
EndGlobal
