
Microsoft Visual Studio Solution File, Format Version 12.00
# Visual Studio Version 17
VisualStudioVersion = 17.4.33122.133
MinimumVisualStudioVersion = 10.0.40219.1
Project("{FAE04EC0-301F-11D3-BF4B-00C04F79EFBC}") = "ParidadesConsole", "ParidadesConsole\ParidadesConsole.csproj", "{0B5DA131-0B8F-4E9C-BFAC-E0581CE52ADB}"
EndProject
Global
	GlobalSection(SolutionConfigurationPlatforms) = preSolution
		Debug|Any CPU = Debug|Any CPU
		Release|Any CPU = Release|Any CPU
	EndGlobalSection
	GlobalSection(ProjectConfigurationPlatforms) = postSolution
		{0B5DA131-0B8F-4E9C-BFAC-E0581CE52ADB}.Debug|Any CPU.ActiveCfg = Debug|Any CPU
		{0B5DA131-0B8F-4E9C-BFAC-E0581CE52ADB}.Debug|Any CPU.Build.0 = Debug|Any CPU
		{0B5DA131-0B8F-4E9C-BFAC-E0581CE52ADB}.Release|Any CPU.ActiveCfg = Release|Any CPU
		{0B5DA131-0B8F-4E9C-BFAC-E0581CE52ADB}.Release|Any CPU.Build.0 = Release|Any CPU
	EndGlobalSection
	GlobalSection(SolutionProperties) = preSolution
		HideSolutionNode = FALSE
	EndGlobalSection
	GlobalSection(ExtensibilityGlobals) = postSolution
		SolutionGuid = {C735E98B-5313-424C-BD26-B595645159E2}
	EndGlobalSection
EndGlobal
